
Microsoft Visual Studio Solution File, Format Version 12.00
# Visual Studio Version 17
VisualStudioVersion = 17.14.36221.1
MinimumVisualStudioVersion = 10.0.40219.1
Project("{FAE04EC0-301F-11D3-BF4B-00C04F79EFBC}") = "FileReader.Cli", "src\FileReader.Cli\FileReader.Cli.csproj", "{9FB08A8F-D6FB-4588-AA4D-8D459521B5C5}"
EndProject
Project("{2150E333-8FDC-42A3-9474-1A3956D46DE8}") = ".files", ".files", "{02EA681E-C7D8-13C7-8484-4AC65E1B71E8}"
	ProjectSection(SolutionItems) = preProject
		README.md = README.md
	EndProjectSection
EndProject
Global
	GlobalSection(SolutionConfigurationPlatforms) = preSolution
		Debug|Any CPU = Debug|Any CPU
		Release|Any CPU = Release|Any CPU
	EndGlobalSection
	GlobalSection(ProjectConfigurationPlatforms) = postSolution
		{9FB08A8F-D6FB-4588-AA4D-8D459521B5C5}.Debug|Any CPU.ActiveCfg = Debug|Any CPU
		{9FB08A8F-D6FB-4588-AA4D-8D459521B5C5}.Debug|Any CPU.Build.0 = Debug|Any CPU
		{9FB08A8F-D6FB-4588-AA4D-8D459521B5C5}.Release|Any CPU.ActiveCfg = Release|Any CPU
		{9FB08A8F-D6FB-4588-AA4D-8D459521B5C5}.Release|Any CPU.Build.0 = Release|Any CPU
	EndGlobalSection
	GlobalSection(SolutionProperties) = preSolution
		HideSolutionNode = FALSE
	EndGlobalSection
	GlobalSection(ExtensibilityGlobals) = postSolution
		SolutionGuid = {3B19A717-D3F5-4EEC-A7F0-C352D041DAFC}
	EndGlobalSection
EndGlobal
